
Microsoft Visual Studio Solution File, Format Version 12.00
# Visual Studio Version 16
VisualStudioVersion = 16.0.31205.134
MinimumVisualStudioVersion = 10.0.40219.1
Project("{9A19103F-16F7-4668-BE54-9A1E7A4F7556}") = "angularsample", "angularsample.csproj", "{4CDF67B0-EBBC-4989-B733-72CC50FF165E}"
EndProject
Global
	GlobalSection(SolutionConfigurationPlatforms) = preSolution
		Debug|Any CPU = Debug|Any CPU
		Release|Any CPU = Release|Any CPU
	EndGlobalSection
	GlobalSection(ProjectConfigurationPlatforms) = postSolution
		{4CDF67B0-EBBC-4989-B733-72CC50FF165E}.Debug|Any CPU.ActiveCfg = Debug|Any CPU
		{4CDF67B0-EBBC-4989-B733-72CC50FF165E}.Debug|Any CPU.Build.0 = Debug|Any CPU
		{4CDF67B0-EBBC-4989-B733-72CC50FF165E}.Release|Any CPU.ActiveCfg = Release|Any CPU
		{4CDF67B0-EBBC-4989-B733-72CC50FF165E}.Release|Any CPU.Build.0 = Release|Any CPU
	EndGlobalSection
	GlobalSection(SolutionProperties) = preSolution
		HideSolutionNode = FALSE
	EndGlobalSection
	GlobalSection(ExtensibilityGlobals) = postSolution
		SolutionGuid = {362AF786-3F0F-4B76-8A2E-EFC32FE90852}
	EndGlobalSection
EndGlobal
