
Microsoft Visual Studio Solution File, Format Version 12.00
# Visual Studio Version 16
VisualStudioVersion = 16.0.31410.223
MinimumVisualStudioVersion = 10.0.40219.1
Project("{FAE04EC0-301F-11D3-BF4B-00C04F79EFBC}") = "SignalRSample", "SignalRSample.csproj", "{6C52D8F5-E057-44C3-A650-FC4ACC89DC3E}"
EndProject
Project("{FAE04EC0-301F-11D3-BF4B-00C04F79EFBC}") = "ClientApp", "..\ClientApp\ClientApp.csproj", "{F8C42F6A-4F22-4372-973B-FC5D0D12D3FD}"
EndProject
Global
	GlobalSection(SolutionConfigurationPlatforms) = preSolution
		Debug|Any CPU = Debug|Any CPU
		Release|Any CPU = Release|Any CPU
	EndGlobalSection
	GlobalSection(ProjectConfigurationPlatforms) = postSolution
		{6C52D8F5-E057-44C3-A650-FC4ACC89DC3E}.Debug|Any CPU.ActiveCfg = Debug|Any CPU
		{6C52D8F5-E057-44C3-A650-FC4ACC89DC3E}.Debug|Any CPU.Build.0 = Debug|Any CPU
		{6C52D8F5-E057-44C3-A650-FC4ACC89DC3E}.Release|Any CPU.ActiveCfg = Release|Any CPU
		{6C52D8F5-E057-44C3-A650-FC4ACC89DC3E}.Release|Any CPU.Build.0 = Release|Any CPU
		{F8C42F6A-4F22-4372-973B-FC5D0D12D3FD}.Debug|Any CPU.ActiveCfg = Debug|Any CPU
		{F8C42F6A-4F22-4372-973B-FC5D0D12D3FD}.Debug|Any CPU.Build.0 = Debug|Any CPU
		{F8C42F6A-4F22-4372-973B-FC5D0D12D3FD}.Release|Any CPU.ActiveCfg = Release|Any CPU
		{F8C42F6A-4F22-4372-973B-FC5D0D12D3FD}.Release|Any CPU.Build.0 = Release|Any CPU
	EndGlobalSection
	GlobalSection(SolutionProperties) = preSolution
		HideSolutionNode = FALSE
	EndGlobalSection
	GlobalSection(ExtensibilityGlobals) = postSolution
		SolutionGuid = {B96FED88-558F-4DDF-B190-FEAF2BCAF209}
	EndGlobalSection
EndGlobal
