
Microsoft Visual Studio Solution File, Format Version 12.00
# Visual Studio Version 16
VisualStudioVersion = 16.0.31205.134
MinimumVisualStudioVersion = 10.0.40219.1
Project("{FAE04EC0-301F-11D3-BF4B-00C04F79EFBC}") = "Generics", "Generics\Generics.csproj", "{7D3B0EBB-19AD-4C8D-9863-D4975F5A47FC}"
EndProject
Global
	GlobalSection(SolutionConfigurationPlatforms) = preSolution
		Debug|Any CPU = Debug|Any CPU
		Release|Any CPU = Release|Any CPU
	EndGlobalSection
	GlobalSection(ProjectConfigurationPlatforms) = postSolution
		{7D3B0EBB-19AD-4C8D-9863-D4975F5A47FC}.Debug|Any CPU.ActiveCfg = Debug|Any CPU
		{7D3B0EBB-19AD-4C8D-9863-D4975F5A47FC}.Debug|Any CPU.Build.0 = Debug|Any CPU
		{7D3B0EBB-19AD-4C8D-9863-D4975F5A47FC}.Release|Any CPU.ActiveCfg = Release|Any CPU
		{7D3B0EBB-19AD-4C8D-9863-D4975F5A47FC}.Release|Any CPU.Build.0 = Release|Any CPU
	EndGlobalSection
	GlobalSection(SolutionProperties) = preSolution
		HideSolutionNode = FALSE
	EndGlobalSection
	GlobalSection(ExtensibilityGlobals) = postSolution
		SolutionGuid = {5DE87B6A-1B49-4C31-AA6F-1E1A9494E96D}
	EndGlobalSection
EndGlobal
