
Microsoft Visual Studio Solution File, Format Version 12.00
# Visual Studio Version 16
VisualStudioVersion = 16.0.30516.212
MinimumVisualStudioVersion = 10.0.40219.1
Project("{9A19103F-16F7-4668-BE54-9A1E7A4F7556}") = "az204-authdemo", "az204-authdemo.csproj", "{ABC1B419-E064-482F-8D7C-1B83F8F23A33}"
EndProject
Global
	GlobalSection(SolutionConfigurationPlatforms) = preSolution
		Debug|Any CPU = Debug|Any CPU
		Release|Any CPU = Release|Any CPU
	EndGlobalSection
	GlobalSection(ProjectConfigurationPlatforms) = postSolution
		{ABC1B419-E064-482F-8D7C-1B83F8F23A33}.Debug|Any CPU.ActiveCfg = Debug|Any CPU
		{ABC1B419-E064-482F-8D7C-1B83F8F23A33}.Debug|Any CPU.Build.0 = Debug|Any CPU
		{ABC1B419-E064-482F-8D7C-1B83F8F23A33}.Release|Any CPU.ActiveCfg = Release|Any CPU
		{ABC1B419-E064-482F-8D7C-1B83F8F23A33}.Release|Any CPU.Build.0 = Release|Any CPU
	EndGlobalSection
	GlobalSection(SolutionProperties) = preSolution
		HideSolutionNode = FALSE
	EndGlobalSection
	GlobalSection(ExtensibilityGlobals) = postSolution
		SolutionGuid = {661522E7-E7B8-48EE-B79E-E2465D1EA44A}
	EndGlobalSection
EndGlobal
