
Microsoft Visual Studio Solution File, Format Version 12.00
# Visual Studio Version 16
VisualStudioVersion = 16.0.31205.134
MinimumVisualStudioVersion = 10.0.40219.1
Project("{FAE04EC0-301F-11D3-BF4B-00C04F79EFBC}") = "RacerSample", "RacerSample\RacerSample.csproj", "{C8898E51-E49B-4982-A262-F67D66A20F6A}"
EndProject
Global
	GlobalSection(SolutionConfigurationPlatforms) = preSolution
		Debug|Any CPU = Debug|Any CPU
		Release|Any CPU = Release|Any CPU
	EndGlobalSection
	GlobalSection(ProjectConfigurationPlatforms) = postSolution
		{C8898E51-E49B-4982-A262-F67D66A20F6A}.Debug|Any CPU.ActiveCfg = Debug|Any CPU
		{C8898E51-E49B-4982-A262-F67D66A20F6A}.Debug|Any CPU.Build.0 = Debug|Any CPU
		{C8898E51-E49B-4982-A262-F67D66A20F6A}.Release|Any CPU.ActiveCfg = Release|Any CPU
		{C8898E51-E49B-4982-A262-F67D66A20F6A}.Release|Any CPU.Build.0 = Release|Any CPU
	EndGlobalSection
	GlobalSection(SolutionProperties) = preSolution
		HideSolutionNode = FALSE
	EndGlobalSection
	GlobalSection(ExtensibilityGlobals) = postSolution
		SolutionGuid = {32D81F2D-CED6-419C-9D62-A28A079F0349}
	EndGlobalSection
EndGlobal
