
Microsoft Visual Studio Solution File, Format Version 12.00
# Visual Studio Version 16
VisualStudioVersion = 16.0.31313.79
MinimumVisualStudioVersion = 10.0.40219.1
Project("{FAE04EC0-301F-11D3-BF4B-00C04F79EFBC}") = "EventsSample", "EventsSample\EventsSample.csproj", "{8EF46668-28CF-437B-BB3F-B2F488E28CBC}"
EndProject
Global
	GlobalSection(SolutionConfigurationPlatforms) = preSolution
		Debug|Any CPU = Debug|Any CPU
		Release|Any CPU = Release|Any CPU
	EndGlobalSection
	GlobalSection(ProjectConfigurationPlatforms) = postSolution
		{8EF46668-28CF-437B-BB3F-B2F488E28CBC}.Debug|Any CPU.ActiveCfg = Debug|Any CPU
		{8EF46668-28CF-437B-BB3F-B2F488E28CBC}.Debug|Any CPU.Build.0 = Debug|Any CPU
		{8EF46668-28CF-437B-BB3F-B2F488E28CBC}.Release|Any CPU.ActiveCfg = Release|Any CPU
		{8EF46668-28CF-437B-BB3F-B2F488E28CBC}.Release|Any CPU.Build.0 = Release|Any CPU
	EndGlobalSection
	GlobalSection(SolutionProperties) = preSolution
		HideSolutionNode = FALSE
	EndGlobalSection
	GlobalSection(ExtensibilityGlobals) = postSolution
		SolutionGuid = {B0F040FF-9C0A-4130-8F29-63B014819318}
	EndGlobalSection
EndGlobal
