
Microsoft Visual Studio Solution File, Format Version 12.00
# Visual Studio Version 16
VisualStudioVersion = 16.0.31205.134
MinimumVisualStudioVersion = 10.0.40219.1
Project("{9A19103F-16F7-4668-BE54-9A1E7A4F7556}") = "razorpages", "razorpages.csproj", "{14E218F3-1C83-4176-9273-B28BB6CE1EFF}"
EndProject
Global
	GlobalSection(SolutionConfigurationPlatforms) = preSolution
		Debug|Any CPU = Debug|Any CPU
		Release|Any CPU = Release|Any CPU
	EndGlobalSection
	GlobalSection(ProjectConfigurationPlatforms) = postSolution
		{14E218F3-1C83-4176-9273-B28BB6CE1EFF}.Debug|Any CPU.ActiveCfg = Debug|Any CPU
		{14E218F3-1C83-4176-9273-B28BB6CE1EFF}.Debug|Any CPU.Build.0 = Debug|Any CPU
		{14E218F3-1C83-4176-9273-B28BB6CE1EFF}.Release|Any CPU.ActiveCfg = Release|Any CPU
		{14E218F3-1C83-4176-9273-B28BB6CE1EFF}.Release|Any CPU.Build.0 = Release|Any CPU
	EndGlobalSection
	GlobalSection(SolutionProperties) = preSolution
		HideSolutionNode = FALSE
	EndGlobalSection
	GlobalSection(ExtensibilityGlobals) = postSolution
		SolutionGuid = {2E2945F6-3182-4C89-94C4-1F84A57AEEBD}
	EndGlobalSection
EndGlobal
