
Microsoft Visual Studio Solution File, Format Version 12.00
# Visual Studio Version 16
VisualStudioVersion = 16.0.31019.35
MinimumVisualStudioVersion = 10.0.40219.1
Project("{FAE04EC0-301F-11D3-BF4B-00C04F79EFBC}") = "InheritanceSample", "InheritanceSample\InheritanceSample.csproj", "{65B16049-1D46-4B6D-9ECC-AE67BA38AF61}"
EndProject
Global
	GlobalSection(SolutionConfigurationPlatforms) = preSolution
		Debug|Any CPU = Debug|Any CPU
		Release|Any CPU = Release|Any CPU
	EndGlobalSection
	GlobalSection(ProjectConfigurationPlatforms) = postSolution
		{65B16049-1D46-4B6D-9ECC-AE67BA38AF61}.Debug|Any CPU.ActiveCfg = Debug|Any CPU
		{65B16049-1D46-4B6D-9ECC-AE67BA38AF61}.Debug|Any CPU.Build.0 = Debug|Any CPU
		{65B16049-1D46-4B6D-9ECC-AE67BA38AF61}.Release|Any CPU.ActiveCfg = Release|Any CPU
		{65B16049-1D46-4B6D-9ECC-AE67BA38AF61}.Release|Any CPU.Build.0 = Release|Any CPU
	EndGlobalSection
	GlobalSection(SolutionProperties) = preSolution
		HideSolutionNode = FALSE
	EndGlobalSection
	GlobalSection(ExtensibilityGlobals) = postSolution
		SolutionGuid = {99393F79-7F61-4882-94D2-CBFDF65DD1E8}
	EndGlobalSection
EndGlobal
