
Microsoft Visual Studio Solution File, Format Version 12.00
# Visual Studio Version 16
VisualStudioVersion = 16.0.31205.134
MinimumVisualStudioVersion = 10.0.40219.1
Project("{FAE04EC0-301F-11D3-BF4B-00C04F79EFBC}") = "Async_Tasks_Sample", "Async_Tasks_Sample\Async_Tasks_Sample.csproj", "{76417B6E-77DC-49D3-8482-ECFEF95EDA37}"
EndProject
Global
	GlobalSection(SolutionConfigurationPlatforms) = preSolution
		Debug|Any CPU = Debug|Any CPU
		Release|Any CPU = Release|Any CPU
	EndGlobalSection
	GlobalSection(ProjectConfigurationPlatforms) = postSolution
		{76417B6E-77DC-49D3-8482-ECFEF95EDA37}.Debug|Any CPU.ActiveCfg = Debug|Any CPU
		{76417B6E-77DC-49D3-8482-ECFEF95EDA37}.Debug|Any CPU.Build.0 = Debug|Any CPU
		{76417B6E-77DC-49D3-8482-ECFEF95EDA37}.Release|Any CPU.ActiveCfg = Release|Any CPU
		{76417B6E-77DC-49D3-8482-ECFEF95EDA37}.Release|Any CPU.Build.0 = Release|Any CPU
	EndGlobalSection
	GlobalSection(SolutionProperties) = preSolution
		HideSolutionNode = FALSE
	EndGlobalSection
	GlobalSection(ExtensibilityGlobals) = postSolution
		SolutionGuid = {B40923AD-40DA-4A48-9468-0AA2D78B2817}
	EndGlobalSection
EndGlobal
