
Microsoft Visual Studio Solution File, Format Version 12.00
# Visual Studio Version 16
VisualStudioVersion = 16.0.31410.223
MinimumVisualStudioVersion = 10.0.40219.1
Project("{FAE04EC0-301F-11D3-BF4B-00C04F79EFBC}") = "WebAPISample", "WebAPISample.csproj", "{084E7B11-47E0-45B3-A2A6-50FE53463C7F}"
EndProject
Project("{FAE04EC0-301F-11D3-BF4B-00C04F79EFBC}") = "ClientApp", "..\ClientApp\ClientApp.csproj", "{18EE0D3C-4EC6-4C2A-890A-96F5ADD52777}"
EndProject
Project("{FAE04EC0-301F-11D3-BF4B-00C04F79EFBC}") = "BooksLib", "..\BooksLib\BooksLib.csproj", "{0EB3EEE9-FC62-4798-8F1C-784AA82A675A}"
EndProject
Global
	GlobalSection(SolutionConfigurationPlatforms) = preSolution
		Debug|Any CPU = Debug|Any CPU
		Release|Any CPU = Release|Any CPU
	EndGlobalSection
	GlobalSection(ProjectConfigurationPlatforms) = postSolution
		{084E7B11-47E0-45B3-A2A6-50FE53463C7F}.Debug|Any CPU.ActiveCfg = Debug|Any CPU
		{084E7B11-47E0-45B3-A2A6-50FE53463C7F}.Debug|Any CPU.Build.0 = Debug|Any CPU
		{084E7B11-47E0-45B3-A2A6-50FE53463C7F}.Release|Any CPU.ActiveCfg = Release|Any CPU
		{084E7B11-47E0-45B3-A2A6-50FE53463C7F}.Release|Any CPU.Build.0 = Release|Any CPU
		{18EE0D3C-4EC6-4C2A-890A-96F5ADD52777}.Debug|Any CPU.ActiveCfg = Debug|Any CPU
		{18EE0D3C-4EC6-4C2A-890A-96F5ADD52777}.Debug|Any CPU.Build.0 = Debug|Any CPU
		{18EE0D3C-4EC6-4C2A-890A-96F5ADD52777}.Release|Any CPU.ActiveCfg = Release|Any CPU
		{18EE0D3C-4EC6-4C2A-890A-96F5ADD52777}.Release|Any CPU.Build.0 = Release|Any CPU
		{0EB3EEE9-FC62-4798-8F1C-784AA82A675A}.Debug|Any CPU.ActiveCfg = Debug|Any CPU
		{0EB3EEE9-FC62-4798-8F1C-784AA82A675A}.Debug|Any CPU.Build.0 = Debug|Any CPU
		{0EB3EEE9-FC62-4798-8F1C-784AA82A675A}.Release|Any CPU.ActiveCfg = Release|Any CPU
		{0EB3EEE9-FC62-4798-8F1C-784AA82A675A}.Release|Any CPU.Build.0 = Release|Any CPU
	EndGlobalSection
	GlobalSection(SolutionProperties) = preSolution
		HideSolutionNode = FALSE
	EndGlobalSection
	GlobalSection(ExtensibilityGlobals) = postSolution
		SolutionGuid = {9188F714-A2CD-451A-B6EE-1200A803559F}
	EndGlobalSection
EndGlobal
