
Microsoft Visual Studio Solution File, Format Version 12.00
# Visual Studio Version 16
VisualStudioVersion = 16.0.31205.134
MinimumVisualStudioVersion = 10.0.40219.1
Project("{FAE04EC0-301F-11D3-BF4B-00C04F79EFBC}") = "AsyncStreamsSample", "AsyncStreamsSample\AsyncStreamsSample.csproj", "{9FF5F92F-3076-4385-A2DC-EE0C998A6119}"
EndProject
Global
	GlobalSection(SolutionConfigurationPlatforms) = preSolution
		Debug|Any CPU = Debug|Any CPU
		Release|Any CPU = Release|Any CPU
	EndGlobalSection
	GlobalSection(ProjectConfigurationPlatforms) = postSolution
		{9FF5F92F-3076-4385-A2DC-EE0C998A6119}.Debug|Any CPU.ActiveCfg = Debug|Any CPU
		{9FF5F92F-3076-4385-A2DC-EE0C998A6119}.Debug|Any CPU.Build.0 = Debug|Any CPU
		{9FF5F92F-3076-4385-A2DC-EE0C998A6119}.Release|Any CPU.ActiveCfg = Release|Any CPU
		{9FF5F92F-3076-4385-A2DC-EE0C998A6119}.Release|Any CPU.Build.0 = Release|Any CPU
	EndGlobalSection
	GlobalSection(SolutionProperties) = preSolution
		HideSolutionNode = FALSE
	EndGlobalSection
	GlobalSection(ExtensibilityGlobals) = postSolution
		SolutionGuid = {A171310E-E8A0-41D7-A141-E39EE07FF34A}
	EndGlobalSection
EndGlobal
