
Microsoft Visual Studio Solution File, Format Version 12.00
# Visual Studio Version 16
VisualStudioVersion = 16.0.31313.79
MinimumVisualStudioVersion = 10.0.40219.1
Project("{9A19103F-16F7-4668-BE54-9A1E7A4F7556}") = "AnnotationsSample", "AnnotationsSample\AnnotationsSample.csproj", "{91E3C928-7807-4BEB-BEAE-9EF2C63FCE8B}"
EndProject
Project("{FAE04EC0-301F-11D3-BF4B-00C04F79EFBC}") = "Calculator", "Calculator\Calculator.csproj", "{77C23BC1-8784-4881-95FC-447CDA52B1BA}"
EndProject
Project("{FAE04EC0-301F-11D3-BF4B-00C04F79EFBC}") = "MyAddInHost", "MyAddInHost\MyAddInHost.csproj", "{D7B75F1D-45EC-456B-9FF9-EC300C06B602}"
EndProject
Global
	GlobalSection(SolutionConfigurationPlatforms) = preSolution
		Debug|Any CPU = Debug|Any CPU
		Release|Any CPU = Release|Any CPU
	EndGlobalSection
	GlobalSection(ProjectConfigurationPlatforms) = postSolution
		{91E3C928-7807-4BEB-BEAE-9EF2C63FCE8B}.Debug|Any CPU.ActiveCfg = Debug|Any CPU
		{91E3C928-7807-4BEB-BEAE-9EF2C63FCE8B}.Debug|Any CPU.Build.0 = Debug|Any CPU
		{91E3C928-7807-4BEB-BEAE-9EF2C63FCE8B}.Release|Any CPU.ActiveCfg = Release|Any CPU
		{91E3C928-7807-4BEB-BEAE-9EF2C63FCE8B}.Release|Any CPU.Build.0 = Release|Any CPU
		{77C23BC1-8784-4881-95FC-447CDA52B1BA}.Debug|Any CPU.ActiveCfg = Debug|Any CPU
		{77C23BC1-8784-4881-95FC-447CDA52B1BA}.Debug|Any CPU.Build.0 = Debug|Any CPU
		{77C23BC1-8784-4881-95FC-447CDA52B1BA}.Release|Any CPU.ActiveCfg = Release|Any CPU
		{77C23BC1-8784-4881-95FC-447CDA52B1BA}.Release|Any CPU.Build.0 = Release|Any CPU
		{D7B75F1D-45EC-456B-9FF9-EC300C06B602}.Debug|Any CPU.ActiveCfg = Debug|Any CPU
		{D7B75F1D-45EC-456B-9FF9-EC300C06B602}.Debug|Any CPU.Build.0 = Debug|Any CPU
		{D7B75F1D-45EC-456B-9FF9-EC300C06B602}.Release|Any CPU.ActiveCfg = Release|Any CPU
		{D7B75F1D-45EC-456B-9FF9-EC300C06B602}.Release|Any CPU.Build.0 = Release|Any CPU
	EndGlobalSection
	GlobalSection(SolutionProperties) = preSolution
		HideSolutionNode = FALSE
	EndGlobalSection
	GlobalSection(ExtensibilityGlobals) = postSolution
		SolutionGuid = {8D018C22-7DC4-4EC6-A29C-F849E7711F5C}
	EndGlobalSection
EndGlobal
