
Microsoft Visual Studio Solution File, Format Version 12.00
# Visual Studio Version 16
VisualStudioVersion = 16.0.31205.134
MinimumVisualStudioVersion = 10.0.40219.1
Project("{FAE04EC0-301F-11D3-BF4B-00C04F79EFBC}") = "Traffic Light, Switch Expressions", "Traffic Light, Switch Expressions\Traffic Light, Switch Expressions.csproj", "{FA48F537-F99C-40D7-A8A0-F991BE69AA88}"
EndProject
Global
	GlobalSection(SolutionConfigurationPlatforms) = preSolution
		Debug|Any CPU = Debug|Any CPU
		Release|Any CPU = Release|Any CPU
	EndGlobalSection
	GlobalSection(ProjectConfigurationPlatforms) = postSolution
		{FA48F537-F99C-40D7-A8A0-F991BE69AA88}.Debug|Any CPU.ActiveCfg = Debug|Any CPU
		{FA48F537-F99C-40D7-A8A0-F991BE69AA88}.Debug|Any CPU.Build.0 = Debug|Any CPU
		{FA48F537-F99C-40D7-A8A0-F991BE69AA88}.Release|Any CPU.ActiveCfg = Release|Any CPU
		{FA48F537-F99C-40D7-A8A0-F991BE69AA88}.Release|Any CPU.Build.0 = Release|Any CPU
	EndGlobalSection
	GlobalSection(SolutionProperties) = preSolution
		HideSolutionNode = FALSE
	EndGlobalSection
	GlobalSection(ExtensibilityGlobals) = postSolution
		SolutionGuid = {9744CCE9-8C2C-4A3E-99CE-6C4224AE6326}
	EndGlobalSection
EndGlobal
