
Microsoft Visual Studio Solution File, Format Version 12.00
# Visual Studio Version 16
VisualStudioVersion = 16.0.31205.134
MinimumVisualStudioVersion = 10.0.40219.1
Project("{FAE04EC0-301F-11D3-BF4B-00C04F79EFBC}") = "UnitTestingSample", "UnitTestingSample\UnitTestingSample.csproj", "{C302E53E-58C1-4E89-9478-8F1B0B31589B}"
EndProject
Project("{FAE04EC0-301F-11D3-BF4B-00C04F79EFBC}") = "UnitTestingSampleTests", "UnitTestingSampleTests\UnitTestingSampleTests.csproj", "{51B7315B-1C89-4121-B1A1-42C395E14196}"
EndProject
Global
	GlobalSection(SolutionConfigurationPlatforms) = preSolution
		Debug|Any CPU = Debug|Any CPU
		Release|Any CPU = Release|Any CPU
	EndGlobalSection
	GlobalSection(ProjectConfigurationPlatforms) = postSolution
		{C302E53E-58C1-4E89-9478-8F1B0B31589B}.Debug|Any CPU.ActiveCfg = Debug|Any CPU
		{C302E53E-58C1-4E89-9478-8F1B0B31589B}.Debug|Any CPU.Build.0 = Debug|Any CPU
		{C302E53E-58C1-4E89-9478-8F1B0B31589B}.Release|Any CPU.ActiveCfg = Release|Any CPU
		{C302E53E-58C1-4E89-9478-8F1B0B31589B}.Release|Any CPU.Build.0 = Release|Any CPU
		{51B7315B-1C89-4121-B1A1-42C395E14196}.Debug|Any CPU.ActiveCfg = Debug|Any CPU
		{51B7315B-1C89-4121-B1A1-42C395E14196}.Debug|Any CPU.Build.0 = Debug|Any CPU
		{51B7315B-1C89-4121-B1A1-42C395E14196}.Release|Any CPU.ActiveCfg = Release|Any CPU
		{51B7315B-1C89-4121-B1A1-42C395E14196}.Release|Any CPU.Build.0 = Release|Any CPU
	EndGlobalSection
	GlobalSection(SolutionProperties) = preSolution
		HideSolutionNode = FALSE
	EndGlobalSection
	GlobalSection(ExtensibilityGlobals) = postSolution
		SolutionGuid = {7DBCF9DD-5CA9-4DA5-ABCF-D2E979D851F9}
	EndGlobalSection
EndGlobal
