
Microsoft Visual Studio Solution File, Format Version 12.00
# Visual Studio Version 16
VisualStudioVersion = 16.0.31402.337
MinimumVisualStudioVersion = 10.0.40219.1
Project("{9A19103F-16F7-4668-BE54-9A1E7A4F7556}") = "SignalRSample", "SignalRSample\SignalRSample.csproj", "{2C293CE9-93D5-4EBC-8B29-6983D5D7614A}"
EndProject
Project("{FAE04EC0-301F-11D3-BF4B-00C04F79EFBC}") = "ClientApp", "ClientApp\ClientApp.csproj", "{09D9A148-5677-4AFA-89D4-2CF9B0DC460E}"
EndProject
Global
	GlobalSection(SolutionConfigurationPlatforms) = preSolution
		Debug|Any CPU = Debug|Any CPU
		Release|Any CPU = Release|Any CPU
	EndGlobalSection
	GlobalSection(ProjectConfigurationPlatforms) = postSolution
		{2C293CE9-93D5-4EBC-8B29-6983D5D7614A}.Debug|Any CPU.ActiveCfg = Debug|Any CPU
		{2C293CE9-93D5-4EBC-8B29-6983D5D7614A}.Debug|Any CPU.Build.0 = Debug|Any CPU
		{2C293CE9-93D5-4EBC-8B29-6983D5D7614A}.Release|Any CPU.ActiveCfg = Release|Any CPU
		{2C293CE9-93D5-4EBC-8B29-6983D5D7614A}.Release|Any CPU.Build.0 = Release|Any CPU
		{09D9A148-5677-4AFA-89D4-2CF9B0DC460E}.Debug|Any CPU.ActiveCfg = Debug|Any CPU
		{09D9A148-5677-4AFA-89D4-2CF9B0DC460E}.Debug|Any CPU.Build.0 = Debug|Any CPU
		{09D9A148-5677-4AFA-89D4-2CF9B0DC460E}.Release|Any CPU.ActiveCfg = Release|Any CPU
		{09D9A148-5677-4AFA-89D4-2CF9B0DC460E}.Release|Any CPU.Build.0 = Release|Any CPU
	EndGlobalSection
	GlobalSection(SolutionProperties) = preSolution
		HideSolutionNode = FALSE
	EndGlobalSection
	GlobalSection(ExtensibilityGlobals) = postSolution
		SolutionGuid = {93DD2E48-CBFD-4E38-B484-FD9799D9A1FC}
	EndGlobalSection
EndGlobal
