
Microsoft Visual Studio Solution File, Format Version 12.00
# Visual Studio Version 16
VisualStudioVersion = 16.0.31205.134
MinimumVisualStudioVersion = 10.0.40219.1
Project("{FAE04EC0-301F-11D3-BF4B-00C04F79EFBC}") = "JavaScriptSample", "JavaScriptSample\JavaScriptSample.csproj", "{17C48033-F1B1-42A0-A11E-826AF4CDF60E}"
EndProject
Global
	GlobalSection(SolutionConfigurationPlatforms) = preSolution
		Debug|Any CPU = Debug|Any CPU
		Release|Any CPU = Release|Any CPU
	EndGlobalSection
	GlobalSection(ProjectConfigurationPlatforms) = postSolution
		{17C48033-F1B1-42A0-A11E-826AF4CDF60E}.Debug|Any CPU.ActiveCfg = Debug|Any CPU
		{17C48033-F1B1-42A0-A11E-826AF4CDF60E}.Debug|Any CPU.Build.0 = Debug|Any CPU
		{17C48033-F1B1-42A0-A11E-826AF4CDF60E}.Release|Any CPU.ActiveCfg = Release|Any CPU
		{17C48033-F1B1-42A0-A11E-826AF4CDF60E}.Release|Any CPU.Build.0 = Release|Any CPU
	EndGlobalSection
	GlobalSection(SolutionProperties) = preSolution
		HideSolutionNode = FALSE
	EndGlobalSection
	GlobalSection(ExtensibilityGlobals) = postSolution
		SolutionGuid = {F5CAB07E-9828-4801-9448-36F61365F321}
	EndGlobalSection
EndGlobal
