
Microsoft Visual Studio Solution File, Format Version 12.00
# Visual Studio Version 16
VisualStudioVersion = 16.0.31205.134
MinimumVisualStudioVersion = 10.0.40219.1
Project("{FAE04EC0-301F-11D3-BF4B-00C04F79EFBC}") = "Operators", "Operators\Operators.csproj", "{BC166A45-4F8D-49F5-8F9C-AA49B3B26EC6}"
EndProject
Global
	GlobalSection(SolutionConfigurationPlatforms) = preSolution
		Debug|Any CPU = Debug|Any CPU
		Release|Any CPU = Release|Any CPU
	EndGlobalSection
	GlobalSection(ProjectConfigurationPlatforms) = postSolution
		{BC166A45-4F8D-49F5-8F9C-AA49B3B26EC6}.Debug|Any CPU.ActiveCfg = Debug|Any CPU
		{BC166A45-4F8D-49F5-8F9C-AA49B3B26EC6}.Debug|Any CPU.Build.0 = Debug|Any CPU
		{BC166A45-4F8D-49F5-8F9C-AA49B3B26EC6}.Release|Any CPU.ActiveCfg = Release|Any CPU
		{BC166A45-4F8D-49F5-8F9C-AA49B3B26EC6}.Release|Any CPU.Build.0 = Release|Any CPU
	EndGlobalSection
	GlobalSection(SolutionProperties) = preSolution
		HideSolutionNode = FALSE
	EndGlobalSection
	GlobalSection(ExtensibilityGlobals) = postSolution
		SolutionGuid = {1699F58A-C484-4E26-8B6D-9B262FB91838}
	EndGlobalSection
EndGlobal
