
Microsoft Visual Studio Solution File, Format Version 12.00
# Visual Studio Version 16
VisualStudioVersion = 16.0.31205.134
MinimumVisualStudioVersion = 10.0.40219.1
Project("{FAE04EC0-301F-11D3-BF4B-00C04F79EFBC}") = "Command line arguments, user input", "Command line arguments, user input\Command line arguments, user input.csproj", "{BA5F28BF-76BD-4118-8206-F69425FC1D30}"
EndProject
Global
	GlobalSection(SolutionConfigurationPlatforms) = preSolution
		Debug|Any CPU = Debug|Any CPU
		Release|Any CPU = Release|Any CPU
	EndGlobalSection
	GlobalSection(ProjectConfigurationPlatforms) = postSolution
		{BA5F28BF-76BD-4118-8206-F69425FC1D30}.Debug|Any CPU.ActiveCfg = Debug|Any CPU
		{BA5F28BF-76BD-4118-8206-F69425FC1D30}.Debug|Any CPU.Build.0 = Debug|Any CPU
		{BA5F28BF-76BD-4118-8206-F69425FC1D30}.Release|Any CPU.ActiveCfg = Release|Any CPU
		{BA5F28BF-76BD-4118-8206-F69425FC1D30}.Release|Any CPU.Build.0 = Release|Any CPU
	EndGlobalSection
	GlobalSection(SolutionProperties) = preSolution
		HideSolutionNode = FALSE
	EndGlobalSection
	GlobalSection(ExtensibilityGlobals) = postSolution
		SolutionGuid = {D021B797-B089-4602-85AE-8E0A958441B1}
	EndGlobalSection
EndGlobal
