
Microsoft Visual Studio Solution File, Format Version 12.00
# Visual Studio Version 16
VisualStudioVersion = 16.0.31205.134
MinimumVisualStudioVersion = 10.0.40219.1
Project("{FAE04EC0-301F-11D3-BF4B-00C04F79EFBC}") = "CollectionRangeSample", "CollectionRangeSample\CollectionRangeSample.csproj", "{BABBD0F1-F234-414F-91DF-17821E62C2C9}"
EndProject
Global
	GlobalSection(SolutionConfigurationPlatforms) = preSolution
		Debug|Any CPU = Debug|Any CPU
		Release|Any CPU = Release|Any CPU
	EndGlobalSection
	GlobalSection(ProjectConfigurationPlatforms) = postSolution
		{BABBD0F1-F234-414F-91DF-17821E62C2C9}.Debug|Any CPU.ActiveCfg = Debug|Any CPU
		{BABBD0F1-F234-414F-91DF-17821E62C2C9}.Debug|Any CPU.Build.0 = Debug|Any CPU
		{BABBD0F1-F234-414F-91DF-17821E62C2C9}.Release|Any CPU.ActiveCfg = Release|Any CPU
		{BABBD0F1-F234-414F-91DF-17821E62C2C9}.Release|Any CPU.Build.0 = Release|Any CPU
	EndGlobalSection
	GlobalSection(SolutionProperties) = preSolution
		HideSolutionNode = FALSE
	EndGlobalSection
	GlobalSection(ExtensibilityGlobals) = postSolution
		SolutionGuid = {D93FCEED-EA47-43C7-8965-4D2A102FEC7E}
	EndGlobalSection
EndGlobal
