
Microsoft Visual Studio Solution File, Format Version 12.00
# Visual Studio Version 16
VisualStudioVersion = 16.0.31205.134
MinimumVisualStudioVersion = 10.0.40219.1
Project("{FAE04EC0-301F-11D3-BF4B-00C04F79EFBC}") = "MySourceGenerator", "MySourceGenerator\MySourceGenerator.csproj", "{5498D989-64F4-42B1-9B28-40AB54868A39}"
EndProject
Project("{FAE04EC0-301F-11D3-BF4B-00C04F79EFBC}") = "MyAutorSourceGenerator", "MyAutorSourceGenerator\MyAutorSourceGenerator.csproj", "{6A5C13C2-D70B-444C-A929-3DA962B24D18}"
EndProject
Global
	GlobalSection(SolutionConfigurationPlatforms) = preSolution
		Debug|Any CPU = Debug|Any CPU
		Release|Any CPU = Release|Any CPU
	EndGlobalSection
	GlobalSection(ProjectConfigurationPlatforms) = postSolution
		{5498D989-64F4-42B1-9B28-40AB54868A39}.Debug|Any CPU.ActiveCfg = Debug|Any CPU
		{5498D989-64F4-42B1-9B28-40AB54868A39}.Debug|Any CPU.Build.0 = Debug|Any CPU
		{5498D989-64F4-42B1-9B28-40AB54868A39}.Release|Any CPU.ActiveCfg = Release|Any CPU
		{5498D989-64F4-42B1-9B28-40AB54868A39}.Release|Any CPU.Build.0 = Release|Any CPU
		{6A5C13C2-D70B-444C-A929-3DA962B24D18}.Debug|Any CPU.ActiveCfg = Debug|Any CPU
		{6A5C13C2-D70B-444C-A929-3DA962B24D18}.Debug|Any CPU.Build.0 = Debug|Any CPU
		{6A5C13C2-D70B-444C-A929-3DA962B24D18}.Release|Any CPU.ActiveCfg = Release|Any CPU
		{6A5C13C2-D70B-444C-A929-3DA962B24D18}.Release|Any CPU.Build.0 = Release|Any CPU
	EndGlobalSection
	GlobalSection(SolutionProperties) = preSolution
		HideSolutionNode = FALSE
	EndGlobalSection
	GlobalSection(ExtensibilityGlobals) = postSolution
		SolutionGuid = {AE898F23-91FA-45F7-9777-DC9FA4420DB9}
	EndGlobalSection
EndGlobal
