
Microsoft Visual Studio Solution File, Format Version 12.00
# Visual Studio Version 16
VisualStudioVersion = 16.0.31205.134
MinimumVisualStudioVersion = 10.0.40219.1
Project("{FAE04EC0-301F-11D3-BF4B-00C04F79EFBC}") = "OperatorsSample", "OperatorsSample\OperatorsSample.csproj", "{8EEF8181-D41C-4376-A92F-1810F40D2D43}"
EndProject
Global
	GlobalSection(SolutionConfigurationPlatforms) = preSolution
		Debug|Any CPU = Debug|Any CPU
		Release|Any CPU = Release|Any CPU
	EndGlobalSection
	GlobalSection(ProjectConfigurationPlatforms) = postSolution
		{8EEF8181-D41C-4376-A92F-1810F40D2D43}.Debug|Any CPU.ActiveCfg = Debug|Any CPU
		{8EEF8181-D41C-4376-A92F-1810F40D2D43}.Debug|Any CPU.Build.0 = Debug|Any CPU
		{8EEF8181-D41C-4376-A92F-1810F40D2D43}.Release|Any CPU.ActiveCfg = Release|Any CPU
		{8EEF8181-D41C-4376-A92F-1810F40D2D43}.Release|Any CPU.Build.0 = Release|Any CPU
	EndGlobalSection
	GlobalSection(SolutionProperties) = preSolution
		HideSolutionNode = FALSE
	EndGlobalSection
	GlobalSection(ExtensibilityGlobals) = postSolution
		SolutionGuid = {1019EE24-F3A4-4D28-B9BF-E0CB750DDF47}
	EndGlobalSection
EndGlobal
