
Microsoft Visual Studio Solution File, Format Version 12.00
# Visual Studio Version 16
VisualStudioVersion = 16.0.31229.75
MinimumVisualStudioVersion = 10.0.40219.1
Project("{FAE04EC0-301F-11D3-BF4B-00C04F79EFBC}") = "OperatorsSample", "OperatorsSample\OperatorsSample.csproj", "{917E1E66-88DC-444A-B645-3CE9974E13FC}"
EndProject
Global
	GlobalSection(SolutionConfigurationPlatforms) = preSolution
		Debug|Any CPU = Debug|Any CPU
		Release|Any CPU = Release|Any CPU
	EndGlobalSection
	GlobalSection(ProjectConfigurationPlatforms) = postSolution
		{917E1E66-88DC-444A-B645-3CE9974E13FC}.Debug|Any CPU.ActiveCfg = Debug|Any CPU
		{917E1E66-88DC-444A-B645-3CE9974E13FC}.Debug|Any CPU.Build.0 = Debug|Any CPU
		{917E1E66-88DC-444A-B645-3CE9974E13FC}.Release|Any CPU.ActiveCfg = Release|Any CPU
		{917E1E66-88DC-444A-B645-3CE9974E13FC}.Release|Any CPU.Build.0 = Release|Any CPU
	EndGlobalSection
	GlobalSection(SolutionProperties) = preSolution
		HideSolutionNode = FALSE
	EndGlobalSection
	GlobalSection(ExtensibilityGlobals) = postSolution
		SolutionGuid = {E684A67B-803C-4859-8480-72357AF82939}
	EndGlobalSection
EndGlobal
