
Microsoft Visual Studio Solution File, Format Version 12.00
# Visual Studio Version 16
VisualStudioVersion = 16.0.31313.79
MinimumVisualStudioVersion = 10.0.40219.1
Project("{FAE04EC0-301F-11D3-BF4B-00C04F79EFBC}") = "CarFactorySample", "CarFactorySample\CarFactorySample.csproj", "{E12DB396-F735-46D7-9B37-3D6F0CCF30A7}"
EndProject
Global
	GlobalSection(SolutionConfigurationPlatforms) = preSolution
		Debug|Any CPU = Debug|Any CPU
		Release|Any CPU = Release|Any CPU
	EndGlobalSection
	GlobalSection(ProjectConfigurationPlatforms) = postSolution
		{E12DB396-F735-46D7-9B37-3D6F0CCF30A7}.Debug|Any CPU.ActiveCfg = Debug|Any CPU
		{E12DB396-F735-46D7-9B37-3D6F0CCF30A7}.Debug|Any CPU.Build.0 = Debug|Any CPU
		{E12DB396-F735-46D7-9B37-3D6F0CCF30A7}.Release|Any CPU.ActiveCfg = Release|Any CPU
		{E12DB396-F735-46D7-9B37-3D6F0CCF30A7}.Release|Any CPU.Build.0 = Release|Any CPU
	EndGlobalSection
	GlobalSection(SolutionProperties) = preSolution
		HideSolutionNode = FALSE
	EndGlobalSection
	GlobalSection(ExtensibilityGlobals) = postSolution
		SolutionGuid = {6094D7A6-036A-4F9A-938E-30F71EDFB992}
	EndGlobalSection
EndGlobal
