
Microsoft Visual Studio Solution File, Format Version 12.00
# Visual Studio Version 16
VisualStudioVersion = 16.0.31229.75
MinimumVisualStudioVersion = 10.0.40219.1
Project("{FAE04EC0-301F-11D3-BF4B-00C04F79EFBC}") = "DelegatesSample", "DelegatesSample\DelegatesSample.csproj", "{FB438E12-5B57-4F5F-9FC7-10F00C095861}"
EndProject
Global
	GlobalSection(SolutionConfigurationPlatforms) = preSolution
		Debug|Any CPU = Debug|Any CPU
		Release|Any CPU = Release|Any CPU
	EndGlobalSection
	GlobalSection(ProjectConfigurationPlatforms) = postSolution
		{FB438E12-5B57-4F5F-9FC7-10F00C095861}.Debug|Any CPU.ActiveCfg = Debug|Any CPU
		{FB438E12-5B57-4F5F-9FC7-10F00C095861}.Debug|Any CPU.Build.0 = Debug|Any CPU
		{FB438E12-5B57-4F5F-9FC7-10F00C095861}.Release|Any CPU.ActiveCfg = Release|Any CPU
		{FB438E12-5B57-4F5F-9FC7-10F00C095861}.Release|Any CPU.Build.0 = Release|Any CPU
	EndGlobalSection
	GlobalSection(SolutionProperties) = preSolution
		HideSolutionNode = FALSE
	EndGlobalSection
	GlobalSection(ExtensibilityGlobals) = postSolution
		SolutionGuid = {D188BF86-99EF-4253-BA41-1C3585F478D2}
	EndGlobalSection
EndGlobal
