
Microsoft Visual Studio Solution File, Format Version 12.00
# Visual Studio Version 16
VisualStudioVersion = 16.0.31205.134
MinimumVisualStudioVersion = 10.0.40219.1
Project("{FAE04EC0-301F-11D3-BF4B-00C04F79EFBC}") = "HelloPages", "HelloPages\HelloPages.csproj", "{73D17CEF-8639-4B73-9C49-C48C31B18C71}"
EndProject
Global
	GlobalSection(SolutionConfigurationPlatforms) = preSolution
		Debug|Any CPU = Debug|Any CPU
		Release|Any CPU = Release|Any CPU
	EndGlobalSection
	GlobalSection(ProjectConfigurationPlatforms) = postSolution
		{73D17CEF-8639-4B73-9C49-C48C31B18C71}.Debug|Any CPU.ActiveCfg = Debug|Any CPU
		{73D17CEF-8639-4B73-9C49-C48C31B18C71}.Debug|Any CPU.Build.0 = Debug|Any CPU
		{73D17CEF-8639-4B73-9C49-C48C31B18C71}.Release|Any CPU.ActiveCfg = Release|Any CPU
		{73D17CEF-8639-4B73-9C49-C48C31B18C71}.Release|Any CPU.Build.0 = Release|Any CPU
	EndGlobalSection
	GlobalSection(SolutionProperties) = preSolution
		HideSolutionNode = FALSE
	EndGlobalSection
	GlobalSection(ExtensibilityGlobals) = postSolution
		SolutionGuid = {9FFA8DC6-171C-4321-8943-D55DA2E40CAA}
	EndGlobalSection
EndGlobal
