
Microsoft Visual Studio Solution File, Format Version 12.00
# Visual Studio Version 16
VisualStudioVersion = 16.0.31313.79
MinimumVisualStudioVersion = 10.0.40219.1
Project("{FAE04EC0-301F-11D3-BF4B-00C04F79EFBC}") = "ReflectionSample", "ReflectionSample\ReflectionSample.csproj", "{38270C00-3B97-4CB6-99A3-0771B607C88C}"
EndProject
Global
	GlobalSection(SolutionConfigurationPlatforms) = preSolution
		Debug|Any CPU = Debug|Any CPU
		Release|Any CPU = Release|Any CPU
	EndGlobalSection
	GlobalSection(ProjectConfigurationPlatforms) = postSolution
		{38270C00-3B97-4CB6-99A3-0771B607C88C}.Debug|Any CPU.ActiveCfg = Debug|Any CPU
		{38270C00-3B97-4CB6-99A3-0771B607C88C}.Debug|Any CPU.Build.0 = Debug|Any CPU
		{38270C00-3B97-4CB6-99A3-0771B607C88C}.Release|Any CPU.ActiveCfg = Release|Any CPU
		{38270C00-3B97-4CB6-99A3-0771B607C88C}.Release|Any CPU.Build.0 = Release|Any CPU
	EndGlobalSection
	GlobalSection(SolutionProperties) = preSolution
		HideSolutionNode = FALSE
	EndGlobalSection
	GlobalSection(ExtensibilityGlobals) = postSolution
		SolutionGuid = {7C5B3D26-E19F-47FC-A869-3A9049AAC8FB}
	EndGlobalSection
EndGlobal
