
Microsoft Visual Studio Solution File, Format Version 12.00
# Visual Studio Version 16
VisualStudioVersion = 16.0.31313.79
MinimumVisualStudioVersion = 10.0.40219.1
Project("{FAE04EC0-301F-11D3-BF4B-00C04F79EFBC}") = "ResourcesSample", "ResourcesSample\ResourcesSample.csproj", "{5BDB1443-AC6F-4D72-A2E7-7021C66E4B5D}"
EndProject
Global
	GlobalSection(SolutionConfigurationPlatforms) = preSolution
		Debug|Any CPU = Debug|Any CPU
		Release|Any CPU = Release|Any CPU
	EndGlobalSection
	GlobalSection(ProjectConfigurationPlatforms) = postSolution
		{5BDB1443-AC6F-4D72-A2E7-7021C66E4B5D}.Debug|Any CPU.ActiveCfg = Debug|Any CPU
		{5BDB1443-AC6F-4D72-A2E7-7021C66E4B5D}.Debug|Any CPU.Build.0 = Debug|Any CPU
		{5BDB1443-AC6F-4D72-A2E7-7021C66E4B5D}.Release|Any CPU.ActiveCfg = Release|Any CPU
		{5BDB1443-AC6F-4D72-A2E7-7021C66E4B5D}.Release|Any CPU.Build.0 = Release|Any CPU
	EndGlobalSection
	GlobalSection(SolutionProperties) = preSolution
		HideSolutionNode = FALSE
	EndGlobalSection
	GlobalSection(ExtensibilityGlobals) = postSolution
		SolutionGuid = {2359D0A0-9A05-4271-A55C-DB594ECE0AA3}
	EndGlobalSection
EndGlobal
