
Microsoft Visual Studio Solution File, Format Version 12.00
# Visual Studio Version 16
VisualStudioVersion = 16.0.31313.79
MinimumVisualStudioVersion = 10.0.40219.1
Project("{FAE04EC0-301F-11D3-BF4B-00C04F79EFBC}") = "MVCWebApp", "MVCWebApp\MVCWebApp.csproj", "{821FC946-A7E9-4FD9-B988-33F3103D69B2}"
EndProject
Global
	GlobalSection(SolutionConfigurationPlatforms) = preSolution
		Debug|Any CPU = Debug|Any CPU
		Release|Any CPU = Release|Any CPU
	EndGlobalSection
	GlobalSection(ProjectConfigurationPlatforms) = postSolution
		{821FC946-A7E9-4FD9-B988-33F3103D69B2}.Debug|Any CPU.ActiveCfg = Debug|Any CPU
		{821FC946-A7E9-4FD9-B988-33F3103D69B2}.Debug|Any CPU.Build.0 = Debug|Any CPU
		{821FC946-A7E9-4FD9-B988-33F3103D69B2}.Release|Any CPU.ActiveCfg = Release|Any CPU
		{821FC946-A7E9-4FD9-B988-33F3103D69B2}.Release|Any CPU.Build.0 = Release|Any CPU
	EndGlobalSection
	GlobalSection(SolutionProperties) = preSolution
		HideSolutionNode = FALSE
	EndGlobalSection
	GlobalSection(ExtensibilityGlobals) = postSolution
		SolutionGuid = {F63962B8-A0B5-46E0-AD57-A0273BBA3C06}
	EndGlobalSection
EndGlobal
