
Microsoft Visual Studio Solution File, Format Version 12.00
# Visual Studio Version 17
VisualStudioVersion = 17.0.31423.177
MinimumVisualStudioVersion = 10.0.40219.1
Project("{FAE04EC0-301F-11D3-BF4B-00C04F79EFBC}") = "EFCoreIntro", "EFCoreIntro\EFCoreIntro.csproj", "{6A0696E5-1FA2-4288-9219-4F71DE7403FC}"
EndProject
Global
	GlobalSection(SolutionConfigurationPlatforms) = preSolution
		Debug|Any CPU = Debug|Any CPU
		Release|Any CPU = Release|Any CPU
	EndGlobalSection
	GlobalSection(ProjectConfigurationPlatforms) = postSolution
		{6A0696E5-1FA2-4288-9219-4F71DE7403FC}.Debug|Any CPU.ActiveCfg = Debug|Any CPU
		{6A0696E5-1FA2-4288-9219-4F71DE7403FC}.Debug|Any CPU.Build.0 = Debug|Any CPU
		{6A0696E5-1FA2-4288-9219-4F71DE7403FC}.Release|Any CPU.ActiveCfg = Release|Any CPU
		{6A0696E5-1FA2-4288-9219-4F71DE7403FC}.Release|Any CPU.Build.0 = Release|Any CPU
	EndGlobalSection
	GlobalSection(SolutionProperties) = preSolution
		HideSolutionNode = FALSE
	EndGlobalSection
	GlobalSection(ExtensibilityGlobals) = postSolution
		SolutionGuid = {27F34796-E749-4B18-931E-A273F1B48846}
	EndGlobalSection
EndGlobal
