
Microsoft Visual Studio Solution File, Format Version 12.00
# Visual Studio Version 16
VisualStudioVersion = 16.0.31205.134
MinimumVisualStudioVersion = 10.0.40219.1
Project("{FAE04EC0-301F-11D3-BF4B-00C04F79EFBC}") = "RecordsSample", "RecordsSample\RecordsSample.csproj", "{B96F53AB-DE9F-4EBD-883F-9D13AD0F0638}"
EndProject
Global
	GlobalSection(SolutionConfigurationPlatforms) = preSolution
		Debug|Any CPU = Debug|Any CPU
		Release|Any CPU = Release|Any CPU
	EndGlobalSection
	GlobalSection(ProjectConfigurationPlatforms) = postSolution
		{B96F53AB-DE9F-4EBD-883F-9D13AD0F0638}.Debug|Any CPU.ActiveCfg = Debug|Any CPU
		{B96F53AB-DE9F-4EBD-883F-9D13AD0F0638}.Debug|Any CPU.Build.0 = Debug|Any CPU
		{B96F53AB-DE9F-4EBD-883F-9D13AD0F0638}.Release|Any CPU.ActiveCfg = Release|Any CPU
		{B96F53AB-DE9F-4EBD-883F-9D13AD0F0638}.Release|Any CPU.Build.0 = Release|Any CPU
	EndGlobalSection
	GlobalSection(SolutionProperties) = preSolution
		HideSolutionNode = FALSE
	EndGlobalSection
	GlobalSection(ExtensibilityGlobals) = postSolution
		SolutionGuid = {A8B69B83-DEBC-4731-ADBE-166690962ED8}
	EndGlobalSection
EndGlobal
