
Microsoft Visual Studio Solution File, Format Version 12.00
# Visual Studio Version 16
VisualStudioVersion = 16.0.31229.75
MinimumVisualStudioVersion = 10.0.40219.1
Project("{FAE04EC0-301F-11D3-BF4B-00C04F79EFBC}") = "ExtensionMethodsSample", "ExtensionMethodsSample\ExtensionMethodsSample.csproj", "{C0F66D45-8A04-43A9-86D9-791CB21A05B6}"
EndProject
Global
	GlobalSection(SolutionConfigurationPlatforms) = preSolution
		Debug|Any CPU = Debug|Any CPU
		Release|Any CPU = Release|Any CPU
	EndGlobalSection
	GlobalSection(ProjectConfigurationPlatforms) = postSolution
		{C0F66D45-8A04-43A9-86D9-791CB21A05B6}.Debug|Any CPU.ActiveCfg = Debug|Any CPU
		{C0F66D45-8A04-43A9-86D9-791CB21A05B6}.Debug|Any CPU.Build.0 = Debug|Any CPU
		{C0F66D45-8A04-43A9-86D9-791CB21A05B6}.Release|Any CPU.ActiveCfg = Release|Any CPU
		{C0F66D45-8A04-43A9-86D9-791CB21A05B6}.Release|Any CPU.Build.0 = Release|Any CPU
	EndGlobalSection
	GlobalSection(SolutionProperties) = preSolution
		HideSolutionNode = FALSE
	EndGlobalSection
	GlobalSection(ExtensibilityGlobals) = postSolution
		SolutionGuid = {A703ED4C-0B05-4B19-9844-151E01F53EC4}
	EndGlobalSection
EndGlobal
