
Microsoft Visual Studio Solution File, Format Version 12.00
# Visual Studio Version 16
VisualStudioVersion = 16.0.31205.134
MinimumVisualStudioVersion = 10.0.40219.1
Project("{FAE04EC0-301F-11D3-BF4B-00C04F79EFBC}") = "Mod3_Lab1", "Mod3_Lab1\Mod3_Lab1.csproj", "{A56E9C0D-F032-4E08-B081-C4286C888D46}"
EndProject
Global
	GlobalSection(SolutionConfigurationPlatforms) = preSolution
		Debug|Any CPU = Debug|Any CPU
		Release|Any CPU = Release|Any CPU
	EndGlobalSection
	GlobalSection(ProjectConfigurationPlatforms) = postSolution
		{A56E9C0D-F032-4E08-B081-C4286C888D46}.Debug|Any CPU.ActiveCfg = Debug|Any CPU
		{A56E9C0D-F032-4E08-B081-C4286C888D46}.Debug|Any CPU.Build.0 = Debug|Any CPU
		{A56E9C0D-F032-4E08-B081-C4286C888D46}.Release|Any CPU.ActiveCfg = Release|Any CPU
		{A56E9C0D-F032-4E08-B081-C4286C888D46}.Release|Any CPU.Build.0 = Release|Any CPU
	EndGlobalSection
	GlobalSection(SolutionProperties) = preSolution
		HideSolutionNode = FALSE
	EndGlobalSection
	GlobalSection(ExtensibilityGlobals) = postSolution
		SolutionGuid = {36490EF9-B4B3-421B-B4C5-CEC8599FC4BF}
	EndGlobalSection
EndGlobal
