
Microsoft Visual Studio Solution File, Format Version 12.00
# Visual Studio Version 16
VisualStudioVersion = 16.0.31320.298
MinimumVisualStudioVersion = 10.0.40219.1
Project("{9A19103F-16F7-4668-BE54-9A1E7A4F7556}") = "dotnet6websample", "dotnet6websample.csproj", "{2368EC99-B720-4DF4-B903-F0D129D11453}"
EndProject
Global
	GlobalSection(SolutionConfigurationPlatforms) = preSolution
		Debug|Any CPU = Debug|Any CPU
		Release|Any CPU = Release|Any CPU
	EndGlobalSection
	GlobalSection(ProjectConfigurationPlatforms) = postSolution
		{2368EC99-B720-4DF4-B903-F0D129D11453}.Debug|Any CPU.ActiveCfg = Debug|Any CPU
		{2368EC99-B720-4DF4-B903-F0D129D11453}.Debug|Any CPU.Build.0 = Debug|Any CPU
		{2368EC99-B720-4DF4-B903-F0D129D11453}.Release|Any CPU.ActiveCfg = Release|Any CPU
		{2368EC99-B720-4DF4-B903-F0D129D11453}.Release|Any CPU.Build.0 = Release|Any CPU
	EndGlobalSection
	GlobalSection(SolutionProperties) = preSolution
		HideSolutionNode = FALSE
	EndGlobalSection
	GlobalSection(ExtensibilityGlobals) = postSolution
		SolutionGuid = {2EF696C7-1741-4635-93AA-DFA0376A93C9}
	EndGlobalSection
EndGlobal
