
Microsoft Visual Studio Solution File, Format Version 12.00
# Visual Studio Version 16
VisualStudioVersion = 16.0.31019.35
MinimumVisualStudioVersion = 10.0.40219.1
Project("{FAE04EC0-301F-11D3-BF4B-00C04F79EFBC}") = "GenericsSample", "GenericsSample\GenericsSample.csproj", "{9D0CA068-0BE1-4A3B-88C2-9879B7F3AEF5}"
EndProject
Global
	GlobalSection(SolutionConfigurationPlatforms) = preSolution
		Debug|Any CPU = Debug|Any CPU
		Release|Any CPU = Release|Any CPU
	EndGlobalSection
	GlobalSection(ProjectConfigurationPlatforms) = postSolution
		{9D0CA068-0BE1-4A3B-88C2-9879B7F3AEF5}.Debug|Any CPU.ActiveCfg = Debug|Any CPU
		{9D0CA068-0BE1-4A3B-88C2-9879B7F3AEF5}.Debug|Any CPU.Build.0 = Debug|Any CPU
		{9D0CA068-0BE1-4A3B-88C2-9879B7F3AEF5}.Release|Any CPU.ActiveCfg = Release|Any CPU
		{9D0CA068-0BE1-4A3B-88C2-9879B7F3AEF5}.Release|Any CPU.Build.0 = Release|Any CPU
	EndGlobalSection
	GlobalSection(SolutionProperties) = preSolution
		HideSolutionNode = FALSE
	EndGlobalSection
	GlobalSection(ExtensibilityGlobals) = postSolution
		SolutionGuid = {9C212B11-F149-4DB4-A983-2D5D6AAF01B7}
	EndGlobalSection
EndGlobal
