
Microsoft Visual Studio Solution File, Format Version 12.00
# Visual Studio Version 16
VisualStudioVersion = 16.0.31313.79
MinimumVisualStudioVersion = 10.0.40219.1
Project("{FAE04EC0-301F-11D3-BF4B-00C04F79EFBC}") = "ResourceManagementSample", "ResourceManagementSample\ResourceManagementSample.csproj", "{84DC7509-2DB7-45B4-A812-BCB6517C853A}"
EndProject
Global
	GlobalSection(SolutionConfigurationPlatforms) = preSolution
		Debug|Any CPU = Debug|Any CPU
		Release|Any CPU = Release|Any CPU
	EndGlobalSection
	GlobalSection(ProjectConfigurationPlatforms) = postSolution
		{84DC7509-2DB7-45B4-A812-BCB6517C853A}.Debug|Any CPU.ActiveCfg = Debug|Any CPU
		{84DC7509-2DB7-45B4-A812-BCB6517C853A}.Debug|Any CPU.Build.0 = Debug|Any CPU
		{84DC7509-2DB7-45B4-A812-BCB6517C853A}.Release|Any CPU.ActiveCfg = Release|Any CPU
		{84DC7509-2DB7-45B4-A812-BCB6517C853A}.Release|Any CPU.Build.0 = Release|Any CPU
	EndGlobalSection
	GlobalSection(SolutionProperties) = preSolution
		HideSolutionNode = FALSE
	EndGlobalSection
	GlobalSection(ExtensibilityGlobals) = postSolution
		SolutionGuid = {0FEDC32A-1E50-494C-9BD3-F50DBE9C9E8C}
	EndGlobalSection
EndGlobal
