
Microsoft Visual Studio Solution File, Format Version 12.00
# Visual Studio Version 16
VisualStudioVersion = 16.0.31313.79
MinimumVisualStudioVersion = 10.0.40219.1
Project("{FAE04EC0-301F-11D3-BF4B-00C04F79EFBC}") = "ExceptionSample", "ExceptionSample\ExceptionSample.csproj", "{178D3035-6F4E-4A7A-A3BC-A39ABDDD7B09}"
EndProject
Global
	GlobalSection(SolutionConfigurationPlatforms) = preSolution
		Debug|Any CPU = Debug|Any CPU
		Release|Any CPU = Release|Any CPU
	EndGlobalSection
	GlobalSection(ProjectConfigurationPlatforms) = postSolution
		{178D3035-6F4E-4A7A-A3BC-A39ABDDD7B09}.Debug|Any CPU.ActiveCfg = Debug|Any CPU
		{178D3035-6F4E-4A7A-A3BC-A39ABDDD7B09}.Debug|Any CPU.Build.0 = Debug|Any CPU
		{178D3035-6F4E-4A7A-A3BC-A39ABDDD7B09}.Release|Any CPU.ActiveCfg = Release|Any CPU
		{178D3035-6F4E-4A7A-A3BC-A39ABDDD7B09}.Release|Any CPU.Build.0 = Release|Any CPU
	EndGlobalSection
	GlobalSection(SolutionProperties) = preSolution
		HideSolutionNode = FALSE
	EndGlobalSection
	GlobalSection(ExtensibilityGlobals) = postSolution
		SolutionGuid = {2BCBE461-31CD-440D-8EAB-190208C8DFE8}
	EndGlobalSection
EndGlobal
