
Microsoft Visual Studio Solution File, Format Version 12.00
# Visual Studio Version 16
VisualStudioVersion = 16.0.31320.298
MinimumVisualStudioVersion = 10.0.40219.1
Project("{FAE04EC0-301F-11D3-BF4B-00C04F79EFBC}") = "TraitsSample", "TraitsSample\TraitsSample.csproj", "{806A6C57-B8A6-4522-B432-D0EC02864CDC}"
EndProject
Global
	GlobalSection(SolutionConfigurationPlatforms) = preSolution
		Debug|Any CPU = Debug|Any CPU
		Release|Any CPU = Release|Any CPU
	EndGlobalSection
	GlobalSection(ProjectConfigurationPlatforms) = postSolution
		{806A6C57-B8A6-4522-B432-D0EC02864CDC}.Debug|Any CPU.ActiveCfg = Debug|Any CPU
		{806A6C57-B8A6-4522-B432-D0EC02864CDC}.Debug|Any CPU.Build.0 = Debug|Any CPU
		{806A6C57-B8A6-4522-B432-D0EC02864CDC}.Release|Any CPU.ActiveCfg = Release|Any CPU
		{806A6C57-B8A6-4522-B432-D0EC02864CDC}.Release|Any CPU.Build.0 = Release|Any CPU
	EndGlobalSection
	GlobalSection(SolutionProperties) = preSolution
		HideSolutionNode = FALSE
	EndGlobalSection
	GlobalSection(ExtensibilityGlobals) = postSolution
		SolutionGuid = {DD6D16C8-3566-4ADC-9129-9220AD414184}
	EndGlobalSection
EndGlobal
